
Microsoft Visual Studio Solution File, Format Version 12.00
# Visual Studio Version 17
VisualStudioVersion = 17.4.33213.308
MinimumVisualStudioVersion = 10.0.40219.1
Project("{9A19103F-16F7-4668-BE54-9A1E7A4F7556}") = "HW03_Calc_Test", "HW03_Calc_Test\HW03_Calc_Test.csproj", "{E8DCAD7D-FFF3-4BE2-AB04-392F5936A50A}"
EndProject
Project("{9A19103F-16F7-4668-BE54-9A1E7A4F7556}") = "CalcTest", "CalcTest\CalcTest.csproj", "{A66F63F5-0DC4-4551-A668-7CE0BE9652E9}"
EndProject
Project("{9A19103F-16F7-4668-BE54-9A1E7A4F7556}") = "UITest", "UITest\UITest.csproj", "{282D9D70-C5AA-4C47-9BC7-AB1743DD15F1}"
EndProject
Project("{FAE04EC0-301F-11D3-BF4B-00C04F79EFBC}") = "PrimeCalcTest", "PrimeCalcTest\PrimeCalcTest.csproj", "{D01E7B21-63E8-45EF-929D-8D1587AEE8FB}"
EndProject
Global
	GlobalSection(SolutionConfigurationPlatforms) = preSolution
		Debug|Any CPU = Debug|Any CPU
		Release|Any CPU = Release|Any CPU
	EndGlobalSection
	GlobalSection(ProjectConfigurationPlatforms) = postSolution
		{E8DCAD7D-FFF3-4BE2-AB04-392F5936A50A}.Debug|Any CPU.ActiveCfg = Debug|Any CPU
		{E8DCAD7D-FFF3-4BE2-AB04-392F5936A50A}.Debug|Any CPU.Build.0 = Debug|Any CPU
		{E8DCAD7D-FFF3-4BE2-AB04-392F5936A50A}.Release|Any CPU.ActiveCfg = Release|Any CPU
		{E8DCAD7D-FFF3-4BE2-AB04-392F5936A50A}.Release|Any CPU.Build.0 = Release|Any CPU
		{A66F63F5-0DC4-4551-A668-7CE0BE9652E9}.Debug|Any CPU.ActiveCfg = Debug|Any CPU
		{A66F63F5-0DC4-4551-A668-7CE0BE9652E9}.Debug|Any CPU.Build.0 = Debug|Any CPU
		{A66F63F5-0DC4-4551-A668-7CE0BE9652E9}.Release|Any CPU.ActiveCfg = Release|Any CPU
		{A66F63F5-0DC4-4551-A668-7CE0BE9652E9}.Release|Any CPU.Build.0 = Release|Any CPU
		{282D9D70-C5AA-4C47-9BC7-AB1743DD15F1}.Debug|Any CPU.ActiveCfg = Debug|Any CPU
		{282D9D70-C5AA-4C47-9BC7-AB1743DD15F1}.Debug|Any CPU.Build.0 = Debug|Any CPU
		{282D9D70-C5AA-4C47-9BC7-AB1743DD15F1}.Release|Any CPU.ActiveCfg = Release|Any CPU
		{282D9D70-C5AA-4C47-9BC7-AB1743DD15F1}.Release|Any CPU.Build.0 = Release|Any CPU
		{D01E7B21-63E8-45EF-929D-8D1587AEE8FB}.Debug|Any CPU.ActiveCfg = Debug|Any CPU
		{D01E7B21-63E8-45EF-929D-8D1587AEE8FB}.Debug|Any CPU.Build.0 = Debug|Any CPU
		{D01E7B21-63E8-45EF-929D-8D1587AEE8FB}.Release|Any CPU.ActiveCfg = Release|Any CPU
		{D01E7B21-63E8-45EF-929D-8D1587AEE8FB}.Release|Any CPU.Build.0 = Release|Any CPU
	EndGlobalSection
	GlobalSection(SolutionProperties) = preSolution
		HideSolutionNode = FALSE
	EndGlobalSection
	GlobalSection(ExtensibilityGlobals) = postSolution
		SolutionGuid = {06DFDC52-1ABD-46A2-AC10-E44A41330FC4}
	EndGlobalSection
EndGlobal
